
Microsoft Visual Studio Solution File, Format Version 12.00
# Visual Studio Version 16
VisualStudioVersion = 16.0.32602.291
MinimumVisualStudioVersion = 10.0.40219.1
Project("{FAE04EC0-301F-11D3-BF4B-00C04F79EFBC}") = "TelecomNevaSvyazTest", "TelecomNevaSvyazTest\TelecomNevaSvyazTest.csproj", "{34C42C8C-E88C-4A39-836E-91A9011195E2}"
EndProject
Global
	GlobalSection(SolutionConfigurationPlatforms) = preSolution
		Debug|Any CPU = Debug|Any CPU
		Release|Any CPU = Release|Any CPU
	EndGlobalSection
	GlobalSection(ProjectConfigurationPlatforms) = postSolution
		{34C42C8C-E88C-4A39-836E-91A9011195E2}.Debug|Any CPU.ActiveCfg = Debug|Any CPU
		{34C42C8C-E88C-4A39-836E-91A9011195E2}.Debug|Any CPU.Build.0 = Debug|Any CPU
		{34C42C8C-E88C-4A39-836E-91A9011195E2}.Release|Any CPU.ActiveCfg = Release|Any CPU
		{34C42C8C-E88C-4A39-836E-91A9011195E2}.Release|Any CPU.Build.0 = Release|Any CPU
	EndGlobalSection
	GlobalSection(SolutionProperties) = preSolution
		HideSolutionNode = FALSE
	EndGlobalSection
	GlobalSection(ExtensibilityGlobals) = postSolution
		SolutionGuid = {47514647-BBD1-4E7E-A7F8-4B1357BC6FF6}
	EndGlobalSection
EndGlobal
